
Microsoft Visual Studio Solution File, Format Version 12.00
# Visual Studio Version 17
VisualStudioVersion = 17.5.33414.496
MinimumVisualStudioVersion = 10.0.40219.1
Project("{FAE04EC0-301F-11D3-BF4B-00C04F79EFBC}") = "modul8_1302210095", "modul8_1302210095.csproj", "{7E643664-62B1-4A42-8E89-1FB665506670}"
EndProject
Global
	GlobalSection(SolutionConfigurationPlatforms) = preSolution
		Debug|Any CPU = Debug|Any CPU
		Release|Any CPU = Release|Any CPU
	EndGlobalSection
	GlobalSection(ProjectConfigurationPlatforms) = postSolution
		{7E643664-62B1-4A42-8E89-1FB665506670}.Debug|Any CPU.ActiveCfg = Debug|Any CPU
		{7E643664-62B1-4A42-8E89-1FB665506670}.Debug|Any CPU.Build.0 = Debug|Any CPU
		{7E643664-62B1-4A42-8E89-1FB665506670}.Release|Any CPU.ActiveCfg = Release|Any CPU
		{7E643664-62B1-4A42-8E89-1FB665506670}.Release|Any CPU.Build.0 = Release|Any CPU
	EndGlobalSection
	GlobalSection(SolutionProperties) = preSolution
		HideSolutionNode = FALSE
	EndGlobalSection
	GlobalSection(ExtensibilityGlobals) = postSolution
		SolutionGuid = {3397C0B7-019A-4AD7-819F-418A2BDC52F9}
	EndGlobalSection
EndGlobal
